
Microsoft Visual Studio Solution File, Format Version 12.00
# Visual Studio 15
VisualStudioVersion = 15.0.28010.2019
MinimumVisualStudioVersion = 10.0.40219.1
Project("{FAE04EC0-301F-11D3-BF4B-00C04F79EFBC}") = "HotOrNot.WebUI", "HotOrNot.WebUI\HotOrNot.WebUI.csproj", "{B90C3F14-C5C7-4DF8-B9A7-7466DC85DDCC}"
EndProject
Global
	GlobalSection(SolutionConfigurationPlatforms) = preSolution
		Debug|Any CPU = Debug|Any CPU
		Release|Any CPU = Release|Any CPU
	EndGlobalSection
	GlobalSection(ProjectConfigurationPlatforms) = postSolution
		{B90C3F14-C5C7-4DF8-B9A7-7466DC85DDCC}.Debug|Any CPU.ActiveCfg = Debug|Any CPU
		{B90C3F14-C5C7-4DF8-B9A7-7466DC85DDCC}.Debug|Any CPU.Build.0 = Debug|Any CPU
		{B90C3F14-C5C7-4DF8-B9A7-7466DC85DDCC}.Release|Any CPU.ActiveCfg = Release|Any CPU
		{B90C3F14-C5C7-4DF8-B9A7-7466DC85DDCC}.Release|Any CPU.Build.0 = Release|Any CPU
	EndGlobalSection
	GlobalSection(SolutionProperties) = preSolution
		HideSolutionNode = FALSE
	EndGlobalSection
	GlobalSection(ExtensibilityGlobals) = postSolution
		SolutionGuid = {7FC7584C-ED51-4CD7-B916-37E4AB189A9D}
	EndGlobalSection
EndGlobal
